
Microsoft Visual Studio Solution File, Format Version 12.00
# Visual Studio Version 17
VisualStudioVersion = 17.8.34511.84
MinimumVisualStudioVersion = 10.0.40219.1
Project("{9A19103F-16F7-4668-BE54-9A1E7A4F7556}") = "datingedit", "datingedit\datingedit.csproj", "{B21FDF3E-2567-4445-8EEB-024693372056}"
EndProject
Project("{00D1A9C2-B5F0-4AF3-8072-F6C62B433612}") = "dating.database", "dating.database\dating.database.sqlproj", "{168E2C69-0CFC-4673-B57C-0AF6E395ECF8}"
EndProject
Project("{9A19103F-16F7-4668-BE54-9A1E7A4F7556}") = "Dating.Blazor", "Dating.Blazor\Dating.Blazor.csproj", "{81D3965C-A5E6-4824-9881-73AD51C2E47B}"
EndProject
Project("{9A19103F-16F7-4668-BE54-9A1E7A4F7556}") = "Dating.Data", "Dating.Data\Dating.Data.csproj", "{30B84FDC-6E52-4D0F-91B9-D39E9D242BEC}"
EndProject
Global
	GlobalSection(SolutionConfigurationPlatforms) = preSolution
		Debug|Any CPU = Debug|Any CPU
		Release|Any CPU = Release|Any CPU
	EndGlobalSection
	GlobalSection(ProjectConfigurationPlatforms) = postSolution
		{B21FDF3E-2567-4445-8EEB-024693372056}.Debug|Any CPU.ActiveCfg = Debug|Any CPU
		{B21FDF3E-2567-4445-8EEB-024693372056}.Debug|Any CPU.Build.0 = Debug|Any CPU
		{B21FDF3E-2567-4445-8EEB-024693372056}.Release|Any CPU.ActiveCfg = Release|Any CPU
		{B21FDF3E-2567-4445-8EEB-024693372056}.Release|Any CPU.Build.0 = Release|Any CPU
		{168E2C69-0CFC-4673-B57C-0AF6E395ECF8}.Debug|Any CPU.ActiveCfg = Debug|Any CPU
		{168E2C69-0CFC-4673-B57C-0AF6E395ECF8}.Debug|Any CPU.Build.0 = Debug|Any CPU
		{168E2C69-0CFC-4673-B57C-0AF6E395ECF8}.Debug|Any CPU.Deploy.0 = Debug|Any CPU
		{168E2C69-0CFC-4673-B57C-0AF6E395ECF8}.Release|Any CPU.ActiveCfg = Release|Any CPU
		{168E2C69-0CFC-4673-B57C-0AF6E395ECF8}.Release|Any CPU.Build.0 = Release|Any CPU
		{168E2C69-0CFC-4673-B57C-0AF6E395ECF8}.Release|Any CPU.Deploy.0 = Release|Any CPU
		{81D3965C-A5E6-4824-9881-73AD51C2E47B}.Debug|Any CPU.ActiveCfg = Debug|Any CPU
		{81D3965C-A5E6-4824-9881-73AD51C2E47B}.Debug|Any CPU.Build.0 = Debug|Any CPU
		{81D3965C-A5E6-4824-9881-73AD51C2E47B}.Release|Any CPU.ActiveCfg = Release|Any CPU
		{81D3965C-A5E6-4824-9881-73AD51C2E47B}.Release|Any CPU.Build.0 = Release|Any CPU
		{30B84FDC-6E52-4D0F-91B9-D39E9D242BEC}.Debug|Any CPU.ActiveCfg = Debug|Any CPU
		{30B84FDC-6E52-4D0F-91B9-D39E9D242BEC}.Debug|Any CPU.Build.0 = Debug|Any CPU
		{30B84FDC-6E52-4D0F-91B9-D39E9D242BEC}.Release|Any CPU.ActiveCfg = Release|Any CPU
		{30B84FDC-6E52-4D0F-91B9-D39E9D242BEC}.Release|Any CPU.Build.0 = Release|Any CPU
	EndGlobalSection
	GlobalSection(SolutionProperties) = preSolution
		HideSolutionNode = FALSE
	EndGlobalSection
	GlobalSection(ExtensibilityGlobals) = postSolution
		SolutionGuid = {9D875FF1-5CE7-447D-86C6-E98F75D4814A}
	EndGlobalSection
EndGlobal
